// !$*UTF8*$!
{
	archiveVersion = 1;
	classes = {
	};
	objectVersion = 46;
	objects = {

/* Begin PBXBuildFile section */
		193990951A33EFA900E18528 /* AudioToolbox.framework in Frameworks */ = {isa = PBXBuildFile; fileRef = 193990941A33EFA900E18528 /* AudioToolbox.framework */; };
		193990971A33EFB100E18528 /* CFNetwork.framework in Frameworks */ = {isa = PBXBuildFile; fileRef = 193990961A33EFB100E18528 /* CFNetwork.framework */; };
		193990991A33EFB800E18528 /* CoreGraphics.framework in Frameworks */ = {isa = PBXBuildFile; fileRef = 193990981A33EFB800E18528 /* CoreGraphics.framework */; };
		1939909B1A33EFC000E18528 /* CoreLocation.framework in Frameworks */ = {isa = PBXBuildFile; fileRef = 1939909A1A33EFC000E18528 /* CoreLocation.framework */; };
		1939909D1A33EFCA00E18528 /* libz.dylib in Frameworks */ = {isa = PBXBuildFile; fileRef = 1939909C1A33EFCA00E18528 /* libz.dylib */; };
		1939909F1A33EFD300E18528 /* MobileCoreServices.framework in Frameworks */ = {isa = PBXBuildFile; fileRef = 1939909E1A33EFD300E18528 /* MobileCoreServices.framework */; };
		193990A11A33EFEC00E18528 /* QuartzCore.framework in Frameworks */ = {isa = PBXBuildFile; fileRef = 193990A01A33EFEC00E18528 /* QuartzCore.framework */; };
		193990A31A33EFF300E18528 /* Security.framework in Frameworks */ = {isa = PBXBuildFile; fileRef = 193990A21A33EFF300E18528 /* Security.framework */; };
		193990A51A33F00900E18528 /* StoreKit.framework in Frameworks */ = {isa = PBXBuildFile; fileRef = 193990A41A33F00900E18528 /* StoreKit.framework */; };
		193990A71A33F01200E18528 /* SystemConfiguration.framework in Frameworks */ = {isa = PBXBuildFile; fileRef = 193990A61A33F01200E18528 /* SystemConfiguration.framework */; };
		193990AD1A33F04300E18528 /* Bolts.framework in Frameworks */ = {isa = PBXBuildFile; fileRef = 193990A91A33F04300E18528 /* Bolts.framework */; };
		193990AE1A33F04300E18528 /* Parse.framework in Frameworks */ = {isa = PBXBuildFile; fileRef = 193990AA1A33F04300E18528 /* Parse.framework */; };
		193990AF1A33F04300E18528 /* ParseFacebookUtils.framework in Frameworks */ = {isa = PBXBuildFile; fileRef = 193990AB1A33F04300E18528 /* ParseFacebookUtils.framework */; };
		193990B01A33F04300E18528 /* ParseUI.framework in Frameworks */ = {isa = PBXBuildFile; fileRef = 193990AC1A33F04300E18528 /* ParseUI.framework */; };
		193990B31A34F47300E18528 /* PLRModel.m in Sources */ = {isa = PBXBuildFile; fileRef = 193990B21A34F47300E18528 /* PLRModel.m */; };
		194D51D81A32CD2B00DE8DB5 /* PLRTableViewController.m in Sources */ = {isa = PBXBuildFile; fileRef = 194D51D71A32CD2B00DE8DB5 /* PLRTableViewController.m */; };
		196EBFEA1A3698AD00FEE949 /* PLRAskQuestionViewController.m in Sources */ = {isa = PBXBuildFile; fileRef = 196EBFE91A3698AD00FEE949 /* PLRAskQuestionViewController.m */; };
		19CCBE511A3256DE00C86EF0 /* main.m in Sources */ = {isa = PBXBuildFile; fileRef = 19CCBE501A3256DE00C86EF0 /* main.m */; };
		19CCBE541A3256DE00C86EF0 /* AppDelegate.m in Sources */ = {isa = PBXBuildFile; fileRef = 19CCBE531A3256DE00C86EF0 /* AppDelegate.m */; };
		19CCBE5A1A3256DE00C86EF0 /* Main.storyboard in Resources */ = {isa = PBXBuildFile; fileRef = 19CCBE581A3256DE00C86EF0 /* Main.storyboard */; };
		19CCBE5C1A3256DE00C86EF0 /* Images.xcassets in Resources */ = {isa = PBXBuildFile; fileRef = 19CCBE5B1A3256DE00C86EF0 /* Images.xcassets */; };
		19CCBE5F1A3256DE00C86EF0 /* LaunchScreen.xib in Resources */ = {isa = PBXBuildFile; fileRef = 19CCBE5D1A3256DE00C86EF0 /* LaunchScreen.xib */; };
		19CCBE6B1A3256DE00C86EF0 /* PolarTests.m in Sources */ = {isa = PBXBuildFile; fileRef = 19CCBE6A1A3256DE00C86EF0 /* PolarTests.m */; };
		19CCBE761A32584700C86EF0 /* PLRUser.m in Sources */ = {isa = PBXBuildFile; fileRef = 19CCBE751A32584700C86EF0 /* PLRUser.m */; };
		19CCBE791A32585C00C86EF0 /* PLRQuestion.m in Sources */ = {isa = PBXBuildFile; fileRef = 19CCBE781A32585C00C86EF0 /* PLRQuestion.m */; };
		19DA780F1A36309E00663882 /* PLRDetailTableViewController.m in Sources */ = {isa = PBXBuildFile; fileRef = 19DA780E1A36309E00663882 /* PLRDetailTableViewController.m */; };
		19DA78121A36377E00663882 /* PLRPieChartView.m in Sources */ = {isa = PBXBuildFile; fileRef = 19DA78111A36377E00663882 /* PLRPieChartView.m */; };
		19DD39121A33964000DAAE29 /* PLRTableViewCell.m in Sources */ = {isa = PBXBuildFile; fileRef = 19DD39111A33964000DAAE29 /* PLRTableViewCell.m */; };
/* End PBXBuildFile section */

/* Begin PBXContainerItemProxy section */
		19CCBE651A3256DE00C86EF0 /* PBXContainerItemProxy */ = {
			isa = PBXContainerItemProxy;
			containerPortal = 19CCBE431A3256DE00C86EF0 /* Project object */;
			proxyType = 1;
			remoteGlobalIDString = 19CCBE4A1A3256DE00C86EF0;
			remoteInfo = Polar;
		};
/* End PBXContainerItemProxy section */

/* Begin PBXFileReference section */
		193990941A33EFA900E18528 /* AudioToolbox.framework */ = {isa = PBXFileReference; lastKnownFileType = wrapper.framework; name = AudioToolbox.framework; path = System/Library/Frameworks/AudioToolbox.framework; sourceTree = SDKROOT; };
		193990961A33EFB100E18528 /* CFNetwork.framework */ = {isa = PBXFileReference; lastKnownFileType = wrapper.framework; name = CFNetwork.framework; path = System/Library/Frameworks/CFNetwork.framework; sourceTree = SDKROOT; };
		193990981A33EFB800E18528 /* CoreGraphics.framework */ = {isa = PBXFileReference; lastKnownFileType = wrapper.framework; name = CoreGraphics.framework; path = System/Library/Frameworks/CoreGraphics.framework; sourceTree = SDKROOT; };
		1939909A1A33EFC000E18528 /* CoreLocation.framework */ = {isa = PBXFileReference; lastKnownFileType = wrapper.framework; name = CoreLocation.framework; path = System/Library/Frameworks/CoreLocation.framework; sourceTree = SDKROOT; };
		1939909C1A33EFCA00E18528 /* libz.dylib */ = {isa = PBXFileReference; lastKnownFileType = "compiled.mach-o.dylib"; name = libz.dylib; path = usr/lib/libz.dylib; sourceTree = SDKROOT; };
		1939909E1A33EFD300E18528 /* MobileCoreServices.framework */ = {isa = PBXFileReference; lastKnownFileType = wrapper.framework; name = MobileCoreServices.framework; path = System/Library/Frameworks/MobileCoreServices.framework; sourceTree = SDKROOT; };
		193990A01A33EFEC00E18528 /* QuartzCore.framework */ = {isa = PBXFileReference; lastKnownFileType = wrapper.framework; name = QuartzCore.framework; path = System/Library/Frameworks/QuartzCore.framework; sourceTree = SDKROOT; };
		193990A21A33EFF300E18528 /* Security.framework */ = {isa = PBXFileReference; lastKnownFileType = wrapper.framework; name = Security.framework; path = System/Library/Frameworks/Security.framework; sourceTree = SDKROOT; };
		193990A41A33F00900E18528 /* StoreKit.framework */ = {isa = PBXFileReference; lastKnownFileType = wrapper.framework; name = StoreKit.framework; path = System/Library/Frameworks/StoreKit.framework; sourceTree = SDKROOT; };
		193990A61A33F01200E18528 /* SystemConfiguration.framework */ = {isa = PBXFileReference; lastKnownFileType = wrapper.framework; name = SystemConfiguration.framework; path = System/Library/Frameworks/SystemConfiguration.framework; sourceTree = SDKROOT; };
		193990A91A33F04300E18528 /* Bolts.framework */ = {isa = PBXFileReference; lastKnownFileType = wrapper.framework; path = Bolts.framework; sourceTree = "<group>"; };
		193990AA1A33F04300E18528 /* Parse.framework */ = {isa = PBXFileReference; lastKnownFileType = wrapper.framework; path = Parse.framework; sourceTree = "<group>"; };
		193990AB1A33F04300E18528 /* ParseFacebookUtils.framework */ = {isa = PBXFileReference; lastKnownFileType = wrapper.framework; path = ParseFacebookUtils.framework; sourceTree = "<group>"; };
		193990AC1A33F04300E18528 /* ParseUI.framework */ = {isa = PBXFileReference; lastKnownFileType = wrapper.framework; path = ParseUI.framework; sourceTree = "<group>"; };
		193990B11A34F47300E18528 /* PLRModel.h */ = {isa = PBXFileReference; fileEncoding = 4; lastKnownFileType = sourcecode.c.h; path = PLRModel.h; sourceTree = "<group>"; };
		193990B21A34F47300E18528 /* PLRModel.m */ = {isa = PBXFileReference; fileEncoding = 4; lastKnownFileType = sourcecode.c.objc; path = PLRModel.m; sourceTree = "<group>"; };
		194D51D61A32CD2B00DE8DB5 /* PLRTableViewController.h */ = {isa = PBXFileReference; fileEncoding = 4; lastKnownFileType = sourcecode.c.h; path = PLRTableViewController.h; sourceTree = "<group>"; };
		194D51D71A32CD2B00DE8DB5 /* PLRTableViewController.m */ = {isa = PBXFileReference; fileEncoding = 4; lastKnownFileType = sourcecode.c.objc; path = PLRTableViewController.m; sourceTree = "<group>"; };
		196EBFE81A3698AD00FEE949 /* PLRAskQuestionViewController.h */ = {isa = PBXFileReference; fileEncoding = 4; lastKnownFileType = sourcecode.c.h; path = PLRAskQuestionViewController.h; sourceTree = "<group>"; };
		196EBFE91A3698AD00FEE949 /* PLRAskQuestionViewController.m */ = {isa = PBXFileReference; fileEncoding = 4; lastKnownFileType = sourcecode.c.objc; path = PLRAskQuestionViewController.m; sourceTree = "<group>"; };
		19CCBE4B1A3256DE00C86EF0 /* Polar.app */ = {isa = PBXFileReference; explicitFileType = wrapper.application; includeInIndex = 0; path = Polar.app; sourceTree = BUILT_PRODUCTS_DIR; };
		19CCBE4F1A3256DE00C86EF0 /* Info.plist */ = {isa = PBXFileReference; lastKnownFileType = text.plist.xml; path = Info.plist; sourceTree = "<group>"; };
		19CCBE501A3256DE00C86EF0 /* main.m */ = {isa = PBXFileReference; lastKnownFileType = sourcecode.c.objc; path = main.m; sourceTree = "<group>"; };
		19CCBE521A3256DE00C86EF0 /* AppDelegate.h */ = {isa = PBXFileReference; lastKnownFileType = sourcecode.c.h; path = AppDelegate.h; sourceTree = "<group>"; };
		19CCBE531A3256DE00C86EF0 /* AppDelegate.m */ = {isa = PBXFileReference; lastKnownFileType = sourcecode.c.objc; path = AppDelegate.m; sourceTree = "<group>"; };
		19CCBE591A3256DE00C86EF0 /* Base */ = {isa = PBXFileReference; lastKnownFileType = file.storyboard; name = Base; path = Base.lproj/Main.storyboard; sourceTree = "<group>"; };
		19CCBE5B1A3256DE00C86EF0 /* Images.xcassets */ = {isa = PBXFileReference; lastKnownFileType = folder.assetcatalog; path = Images.xcassets; sourceTree = "<group>"; };
		19CCBE5E1A3256DE00C86EF0 /* Base */ = {isa = PBXFileReference; lastKnownFileType = file.xib; name = Base; path = Base.lproj/LaunchScreen.xib; sourceTree = "<group>"; };
		19CCBE641A3256DE00C86EF0 /* PolarTests.xctest */ = {isa = PBXFileReference; explicitFileType = wrapper.cfbundle; includeInIndex = 0; path = PolarTests.xctest; sourceTree = BUILT_PRODUCTS_DIR; };
		19CCBE691A3256DE00C86EF0 /* Info.plist */ = {isa = PBXFileReference; lastKnownFileType = text.plist.xml; path = Info.plist; sourceTree = "<group>"; };
		19CCBE6A1A3256DE00C86EF0 /* PolarTests.m */ = {isa = PBXFileReference; lastKnownFileType = sourcecode.c.objc; path = PolarTests.m; sourceTree = "<group>"; };
		19CCBE741A32584700C86EF0 /* PLRUser.h */ = {isa = PBXFileReference; fileEncoding = 4; lastKnownFileType = sourcecode.c.h; path = PLRUser.h; sourceTree = "<group>"; };
		19CCBE751A32584700C86EF0 /* PLRUser.m */ = {isa = PBXFileReference; fileEncoding = 4; lastKnownFileType = sourcecode.c.objc; path = PLRUser.m; sourceTree = "<group>"; };
		19CCBE771A32585C00C86EF0 /* PLRQuestion.h */ = {isa = PBXFileReference; fileEncoding = 4; lastKnownFileType = sourcecode.c.h; path = PLRQuestion.h; sourceTree = "<group>"; };
		19CCBE781A32585C00C86EF0 /* PLRQuestion.m */ = {isa = PBXFileReference; fileEncoding = 4; lastKnownFileType = sourcecode.c.objc; path = PLRQuestion.m; sourceTree = "<group>"; };
		19DA780D1A36309E00663882 /* PLRDetailTableViewController.h */ = {isa = PBXFileReference; fileEncoding = 4; lastKnownFileType = sourcecode.c.h; path = PLRDetailTableViewController.h; sourceTree = "<group>"; };
		19DA780E1A36309E00663882 /* PLRDetailTableViewController.m */ = {isa = PBXFileReference; fileEncoding = 4; lastKnownFileType = sourcecode.c.objc; path = PLRDetailTableViewController.m; sourceTree = "<group>"; };
		19DA78101A36377E00663882 /* PLRPieChartView.h */ = {isa = PBXFileReference; fileEncoding = 4; lastKnownFileType = sourcecode.c.h; path = PLRPieChartView.h; sourceTree = "<group>"; };
		19DA78111A36377E00663882 /* PLRPieChartView.m */ = {isa = PBXFileReference; fileEncoding = 4; lastKnownFileType = sourcecode.c.objc; path = PLRPieChartView.m; sourceTree = "<group>"; };
		19DD39101A33964000DAAE29 /* PLRTableViewCell.h */ = {isa = PBXFileReference; fileEncoding = 4; lastKnownFileType = sourcecode.c.h; path = PLRTableViewCell.h; sourceTree = "<group>"; };
		19DD39111A33964000DAAE29 /* PLRTableViewCell.m */ = {isa = PBXFileReference; fileEncoding = 4; lastKnownFileType = sourcecode.c.objc; path = PLRTableViewCell.m; sourceTree = "<group>"; };
/* End PBXFileReference section */

/* Begin PBXFrameworksBuildPhase section */
		19CCBE481A3256DE00C86EF0 /* Frameworks */ = {
			isa = PBXFrameworksBuildPhase;
			buildActionMask = 2147483647;
			files = (
				193990A71A33F01200E18528 /* SystemConfiguration.framework in Frameworks */,
				193990A51A33F00900E18528 /* StoreKit.framework in Frameworks */,
				193990B01A33F04300E18528 /* ParseUI.framework in Frameworks */,
				193990A31A33EFF300E18528 /* Security.framework in Frameworks */,
				193990A11A33EFEC00E18528 /* QuartzCore.framework in Frameworks */,
				1939909F1A33EFD300E18528 /* MobileCoreServices.framework in Frameworks */,
				1939909D1A33EFCA00E18528 /* libz.dylib in Frameworks */,
				1939909B1A33EFC000E18528 /* CoreLocation.framework in Frameworks */,
				193990991A33EFB800E18528 /* CoreGraphics.framework in Frameworks */,
				193990AD1A33F04300E18528 /* Bolts.framework in Frameworks */,
				193990971A33EFB100E18528 /* CFNetwork.framework in Frameworks */,
				193990AE1A33F04300E18528 /* Parse.framework in Frameworks */,
				193990951A33EFA900E18528 /* AudioToolbox.framework in Frameworks */,
				193990AF1A33F04300E18528 /* ParseFacebookUtils.framework in Frameworks */,
			);
			runOnlyForDeploymentPostprocessing = 0;
		};
		19CCBE611A3256DE00C86EF0 /* Frameworks */ = {
			isa = PBXFrameworksBuildPhase;
			buildActionMask = 2147483647;
			files = (
			);
			runOnlyForDeploymentPostprocessing = 0;
		};
/* End PBXFrameworksBuildPhase section */

/* Begin PBXGroup section */
		1939908F1A33E9EF00E18528 /* Frameworks */ = {
			isa = PBXGroup;
			children = (
				193990A81A33F04300E18528 /* parse-library-1 */,
				193990A61A33F01200E18528 /* SystemConfiguration.framework */,
				193990A41A33F00900E18528 /* StoreKit.framework */,
				193990A21A33EFF300E18528 /* Security.framework */,
				193990A01A33EFEC00E18528 /* QuartzCore.framework */,
				1939909E1A33EFD300E18528 /* MobileCoreServices.framework */,
				1939909C1A33EFCA00E18528 /* libz.dylib */,
				1939909A1A33EFC000E18528 /* CoreLocation.framework */,
				193990981A33EFB800E18528 /* CoreGraphics.framework */,
				193990961A33EFB100E18528 /* CFNetwork.framework */,
				193990941A33EFA900E18528 /* AudioToolbox.framework */,
			);
			name = Frameworks;
			sourceTree = "<group>";
		};
		193990A81A33F04300E18528 /* parse-library-1 */ = {
			isa = PBXGroup;
			children = (
				193990A91A33F04300E18528 /* Bolts.framework */,
				193990AA1A33F04300E18528 /* Parse.framework */,
				193990AB1A33F04300E18528 /* ParseFacebookUtils.framework */,
				193990AC1A33F04300E18528 /* ParseUI.framework */,
			);
			path = "parse-library-1";
			sourceTree = "<group>";
		};
		19CCBE421A3256DE00C86EF0 = {
			isa = PBXGroup;
			children = (
				19CCBE4D1A3256DE00C86EF0 /* Polar */,
				19CCBE671A3256DE00C86EF0 /* PolarTests */,
				19CCBE4C1A3256DE00C86EF0 /* Products */,
				1939908F1A33E9EF00E18528 /* Frameworks */,
			);
			sourceTree = "<group>";
		};
		19CCBE4C1A3256DE00C86EF0 /* Products */ = {
			isa = PBXGroup;
			children = (
				19CCBE4B1A3256DE00C86EF0 /* Polar.app */,
				19CCBE641A3256DE00C86EF0 /* PolarTests.xctest */,
			);
			name = Products;
			sourceTree = "<group>";
		};
		19CCBE4D1A3256DE00C86EF0 /* Polar */ = {
			isa = PBXGroup;
			children = (
				19CCBE521A3256DE00C86EF0 /* AppDelegate.h */,
				19CCBE531A3256DE00C86EF0 /* AppDelegate.m */,
				19CCBE7B1A3258F600C86EF0 /* PLR Controllers */,
				19CCBE7A1A3258D900C86EF0 /* PLR Model */,
				19CCBE7C1A32592A00C86EF0 /* PLR Views */,
				19CCBE4E1A3256DE00C86EF0 /* Supporting Files */,
			);
			path = Polar;
			sourceTree = "<group>";
		};
		19CCBE4E1A3256DE00C86EF0 /* Supporting Files */ = {
			isa = PBXGroup;
			children = (
				19CCBE4F1A3256DE00C86EF0 /* Info.plist */,
				19CCBE501A3256DE00C86EF0 /* main.m */,
			);
			name = "Supporting Files";
			sourceTree = "<group>";
		};
		19CCBE671A3256DE00C86EF0 /* PolarTests */ = {
			isa = PBXGroup;
			children = (
				19CCBE6A1A3256DE00C86EF0 /* PolarTests.m */,
				19CCBE681A3256DE00C86EF0 /* Supporting Files */,
			);
			path = PolarTests;
			sourceTree = "<group>";
		};
		19CCBE681A3256DE00C86EF0 /* Supporting Files */ = {
			isa = PBXGroup;
			children = (
				19CCBE691A3256DE00C86EF0 /* Info.plist */,
			);
			name = "Supporting Files";
			sourceTree = "<group>";
		};
		19CCBE7A1A3258D900C86EF0 /* PLR Model */ = {
			isa = PBXGroup;
			children = (
				19CCBE741A32584700C86EF0 /* PLRUser.h */,
				19CCBE751A32584700C86EF0 /* PLRUser.m */,
				19CCBE771A32585C00C86EF0 /* PLRQuestion.h */,
				19CCBE781A32585C00C86EF0 /* PLRQuestion.m */,
				193990B11A34F47300E18528 /* PLRModel.h */,
				193990B21A34F47300E18528 /* PLRModel.m */,
			);
			name = "PLR Model";
			sourceTree = "<group>";
		};
		19CCBE7B1A3258F600C86EF0 /* PLR Controllers */ = {
			isa = PBXGroup;
			children = (
				194D51D61A32CD2B00DE8DB5 /* PLRTableViewController.h */,
				194D51D71A32CD2B00DE8DB5 /* PLRTableViewController.m */,
				196EBFE81A3698AD00FEE949 /* PLRAskQuestionViewController.h */,
				196EBFE91A3698AD00FEE949 /* PLRAskQuestionViewController.m */,
				19DA780D1A36309E00663882 /* PLRDetailTableViewController.h */,
				19DA780E1A36309E00663882 /* PLRDetailTableViewController.m */,
			);
			name = "PLR Controllers";
			sourceTree = "<group>";
		};
		19CCBE7C1A32592A00C86EF0 /* PLR Views */ = {
			isa = PBXGroup;
			children = (
				19DD39101A33964000DAAE29 /* PLRTableViewCell.h */,
				19DD39111A33964000DAAE29 /* PLRTableViewCell.m */,
				19DA78101A36377E00663882 /* PLRPieChartView.h */,
				19DA78111A36377E00663882 /* PLRPieChartView.m */,
				19CCBE581A3256DE00C86EF0 /* Main.storyboard */,
				19CCBE5B1A3256DE00C86EF0 /* Images.xcassets */,
				19CCBE5D1A3256DE00C86EF0 /* LaunchScreen.xib */,
			);
			name = "PLR Views";
			sourceTree = "<group>";
		};
/* End PBXGroup section */

/* Begin PBXNativeTarget section */
		19CCBE4A1A3256DE00C86EF0 /* Polar */ = {
			isa = PBXNativeTarget;
			buildConfigurationList = 19CCBE6E1A3256DE00C86EF0 /* Build configuration list for PBXNativeTarget "Polar" */;
			buildPhases = (
				19CCBE471A3256DE00C86EF0 /* Sources */,
				19CCBE481A3256DE00C86EF0 /* Frameworks */,
				19CCBE491A3256DE00C86EF0 /* Resources */,
			);
			buildRules = (
			);
			dependencies = (
			);
			name = Polar;
			productName = Polar;
			productReference = 19CCBE4B1A3256DE00C86EF0 /* Polar.app */;
			productType = "com.apple.product-type.application";
		};
		19CCBE631A3256DE00C86EF0 /* PolarTests */ = {
			isa = PBXNativeTarget;
			buildConfigurationList = 19CCBE711A3256DE00C86EF0 /* Build configuration list for PBXNativeTarget "PolarTests" */;
			buildPhases = (
				19CCBE601A3256DE00C86EF0 /* Sources */,
				19CCBE611A3256DE00C86EF0 /* Frameworks */,
				19CCBE621A3256DE00C86EF0 /* Resources */,
			);
			buildRules = (
			);
			dependencies = (
				19CCBE661A3256DE00C86EF0 /* PBXTargetDependency */,
			);
			name = PolarTests;
			productName = PolarTests;
			productReference = 19CCBE641A3256DE00C86EF0 /* PolarTests.xctest */;
			productType = "com.apple.product-type.bundle.unit-test";
		};
/* End PBXNativeTarget section */

/* Begin PBXProject section */
		19CCBE431A3256DE00C86EF0 /* Project object */ = {
			isa = PBXProject;
			attributes = {
				LastUpgradeCheck = 0610;
				ORGANIZATIONNAME = "Derek Cuevas";
				TargetAttributes = {
					19CCBE4A1A3256DE00C86EF0 = {
						CreatedOnToolsVersion = 6.1;
					};
					19CCBE631A3256DE00C86EF0 = {
						CreatedOnToolsVersion = 6.1;
						TestTargetID = 19CCBE4A1A3256DE00C86EF0;
					};
				};
			};
			buildConfigurationList = 19CCBE461A3256DE00C86EF0 /* Build configuration list for PBXProject "Polar" */;
			compatibilityVersion = "Xcode 3.2";
			developmentRegion = English;
			hasScannedForEncodings = 0;
			knownRegions = (
				en,
				Base,
			);
			mainGroup = 19CCBE421A3256DE00C86EF0;
			productRefGroup = 19CCBE4C1A3256DE00C86EF0 /* Products */;
			projectDirPath = "";
			projectRoot = "";
			targets = (
				19CCBE4A1A3256DE00C86EF0 /* Polar */,
				19CCBE631A3256DE00C86EF0 /* PolarTests */,
			);
		};
/* End PBXProject section */

/* Begin PBXResourcesBuildPhase section */
		19CCBE491A3256DE00C86EF0 /* Resources */ = {
			isa = PBXResourcesBuildPhase;
			buildActionMask = 2147483647;
			files = (
				19CCBE5A1A3256DE00C86EF0 /* Main.storyboard in Resources */,
				19CCBE5F1A3256DE00C86EF0 /* LaunchScreen.xib in Resources */,
				19CCBE5C1A3256DE00C86EF0 /* Images.xcassets in Resources */,
			);
			runOnlyForDeploymentPostprocessing = 0;
		};
		19CCBE621A3256DE00C86EF0 /* Resources */ = {
			isa = PBXResourcesBuildPhase;
			buildActionMask = 2147483647;
			files = (
			);
			runOnlyForDeploymentPostprocessing = 0;
		};
/* End PBXResourcesBuildPhase section */

/* Begin PBXSourcesBuildPhase section */
		19CCBE471A3256DE00C86EF0 /* Sources */ = {
			isa = PBXSourcesBuildPhase;
			buildActionMask = 2147483647;
			files = (
				193990B31A34F47300E18528 /* PLRModel.m in Sources */,
				19DA780F1A36309E00663882 /* PLRDetailTableViewController.m in Sources */,
				19CCBE791A32585C00C86EF0 /* PLRQuestion.m in Sources */,
				194D51D81A32CD2B00DE8DB5 /* PLRTableViewController.m in Sources */,
				19DA78121A36377E00663882 /* PLRPieChartView.m in Sources */,
				19DD39121A33964000DAAE29 /* PLRTableViewCell.m in Sources */,
				19CCBE761A32584700C86EF0 /* PLRUser.m in Sources */,
				196EBFEA1A3698AD00FEE949 /* PLRAskQuestionViewController.m in Sources */,
				19CCBE541A3256DE00C86EF0 /* AppDelegate.m in Sources */,
				19CCBE511A3256DE00C86EF0 /* main.m in Sources */,
			);
			runOnlyForDeploymentPostprocessing = 0;
		};
		19CCBE601A3256DE00C86EF0 /* Sources */ = {
			isa = PBXSourcesBuildPhase;
			buildActionMask = 2147483647;
			files = (
				19CCBE6B1A3256DE00C86EF0 /* PolarTests.m in Sources */,
			);
			runOnlyForDeploymentPostprocessing = 0;
		};
/* End PBXSourcesBuildPhase section */

/* Begin PBXTargetDependency section */
		19CCBE661A3256DE00C86EF0 /* PBXTargetDependency */ = {
			isa = PBXTargetDependency;
			target = 19CCBE4A1A3256DE00C86EF0 /* Polar */;
			targetProxy = 19CCBE651A3256DE00C86EF0 /* PBXContainerItemProxy */;
		};
/* End PBXTargetDependency section */

/* Begin PBXVariantGroup section */
		19CCBE581A3256DE00C86EF0 /* Main.storyboard */ = {
			isa = PBXVariantGroup;
			children = (
				19CCBE591A3256DE00C86EF0 /* Base */,
			);
			name = Main.storyboard;
			sourceTree = "<group>";
		};
		19CCBE5D1A3256DE00C86EF0 /* LaunchScreen.xib */ = {
			isa = PBXVariantGroup;
			children = (
				19CCBE5E1A3256DE00C86EF0 /* Base */,
			);
			name = LaunchScreen.xib;
			sourceTree = "<group>";
		};
/* End PBXVariantGroup section */

/* Begin XCBuildConfiguration section */
		19CCBE6C1A3256DE00C86EF0 /* Debug */ = {
			isa = XCBuildConfiguration;
			buildSettings = {
				ALWAYS_SEARCH_USER_PATHS = NO;
				CLANG_CXX_LANGUAGE_STANDARD = "gnu++0x";
				CLANG_CXX_LIBRARY = "libc++";
				CLANG_ENABLE_MODULES = YES;
				CLANG_ENABLE_OBJC_ARC = YES;
				CLANG_WARN_BOOL_CONVERSION = YES;
				CLANG_WARN_CONSTANT_CONVERSION = YES;
				CLANG_WARN_DIRECT_OBJC_ISA_USAGE = YES_ERROR;
				CLANG_WARN_EMPTY_BODY = YES;
				CLANG_WARN_ENUM_CONVERSION = YES;
				CLANG_WARN_INT_CONVERSION = YES;
				CLANG_WARN_OBJC_ROOT_CLASS = YES_ERROR;
				CLANG_WARN_UNREACHABLE_CODE = YES;
				CLANG_WARN__DUPLICATE_METHOD_MATCH = YES;
				"CODE_SIGN_IDENTITY[sdk=iphoneos*]" = "iPhone Developer";
				COPY_PHASE_STRIP = NO;
				ENABLE_STRICT_OBJC_MSGSEND = YES;
				GCC_C_LANGUAGE_STANDARD = gnu99;
				GCC_DYNAMIC_NO_PIC = NO;
				GCC_OPTIMIZATION_LEVEL = 0;
				GCC_PREPROCESSOR_DEFINITIONS = (
					"DEBUG=1",
					"$(inherited)",
				);
				GCC_SYMBOLS_PRIVATE_EXTERN = NO;
				GCC_WARN_64_TO_32_BIT_CONVERSION = YES;
				GCC_WARN_ABOUT_RETURN_TYPE = YES_ERROR;
				GCC_WARN_UNDECLARED_SELECTOR = YES;
				GCC_WARN_UNINITIALIZED_AUTOS = YES_AGGRESSIVE;
				GCC_WARN_UNUSED_FUNCTION = YES;
				GCC_WARN_UNUSED_VARIABLE = YES;
				IPHONEOS_DEPLOYMENT_TARGET = 8.1;
				MTL_ENABLE_DEBUG_INFO = YES;
				ONLY_ACTIVE_ARCH = YES;
				SDKROOT = iphoneos;
			};
			name = Debug;
		};
		19CCBE6D1A3256DE00C86EF0 /* Release */ = {
			isa = XCBuildConfiguration;
			buildSettings = {
				ALWAYS_SEARCH_USER_PATHS = NO;
				CLANG_CXX_LANGUAGE_STANDARD = "gnu++0x";
				CLANG_CXX_LIBRARY = "libc++";
				CLANG_ENABLE_MODULES = YES;
				CLANG_ENABLE_OBJC_ARC = YES;
				CLANG_WARN_BOOL_CONVERSION = YES;
				CLANG_WARN_CONSTANT_CONVERSION = YES;
				CLANG_WARN_DIRECT_OBJC_ISA_USAGE = YES_ERROR;
				CLANG_WARN_EMPTY_BODY = YES;
				CLANG_WARN_ENUM_CONVERSION = YES;
				CLANG_WARN_INT_CONVERSION = YES;
				CLANG_WARN_OBJC_ROOT_CLASS = YES_ERROR;
				CLANG_WARN_UNREACHABLE_CODE = YES;
				CLANG_WARN__DUPLICATE_METHOD_MATCH = YES;
				"CODE_SIGN_IDENTITY[sdk=iphoneos*]" = "iPhone Developer";
				COPY_PHASE_STRIP = YES;
				ENABLE_NS_ASSERTIONS = NO;
				ENABLE_STRICT_OBJC_MSGSEND = YES;
				GCC_C_LANGUAGE_STANDARD = gnu99;
				GCC_WARN_64_TO_32_BIT_CONVERSION = YES;
				GCC_WARN_ABOUT_RETURN_TYPE = YES_ERROR;
				GCC_WARN_UNDECLARED_SELECTOR = YES;
				GCC_WARN_UNINITIALIZED_AUTOS = YES_AGGRESSIVE;
				GCC_WARN_UNUSED_FUNCTION = YES;
				GCC_WARN_UNUSED_VARIABLE = YES;
				IPHONEOS_DEPLOYMENT_TARGET = 8.1;
				MTL_ENABLE_DEBUG_INFO = NO;
				SDKROOT = iphoneos;
				VALIDATE_PRODUCT = YES;
			};
			name = Release;
		};
		19CCBE6F1A3256DE00C86EF0 /* Debug */ = {
			isa = XCBuildConfiguration;
			buildSettings = {
				ASSETCATALOG_COMPILER_APPICON_NAME = AppIcon;
				FRAMEWORK_SEARCH_PATHS = (
					"$(inherited)",
					"$(PROJECT_DIR)",
					"$(PROJECT_DIR)/parse-library-1",
				);
				INFOPLIST_FILE = Polar/Info.plist;
				LD_RUNPATH_SEARCH_PATHS = "$(inherited) @executable_path/Frameworks";
				PRODUCT_NAME = "$(TARGET_NAME)";
			};
			name = Debug;
		};
		19CCBE701A3256DE00C86EF0 /* Release */ = {
			isa = XCBuildConfiguration;
			buildSettings = {
				ASSETCATALOG_COMPILER_APPICON_NAME = AppIcon;
				FRAMEWORK_SEARCH_PATHS = (
					"$(inherited)",
					"$(PROJECT_DIR)",
					"$(PROJECT_DIR)/parse-library-1",
				);
				INFOPLIST_FILE = Polar/Info.plist;
				LD_RUNPATH_SEARCH_PATHS = "$(inherited) @executable_path/Frameworks";
				PRODUCT_NAME = "$(TARGET_NAME)";
			};
			name = Release;
		};
		19CCBE721A3256DE00C86EF0 /* Debug */ = {
			isa = XCBuildConfiguration;
			buildSettings = {
				BUNDLE_LOADER = "$(TEST_HOST)";
				FRAMEWORK_SEARCH_PATHS = (
					"$(SDKROOT)/Developer/Library/Frameworks",
					"$(inherited)",
				);
				GCC_PREPROCESSOR_DEFINITIONS = (
					"DEBUG=1",
					"$(inherited)",
				);
				INFOPLIST_FILE = PolarTests/Info.plist;
				LD_RUNPATH_SEARCH_PATHS = "$(inherited) @executable_path/Frameworks @loader_path/Frameworks";
				PRODUCT_NAME = "$(TARGET_NAME)";
				TEST_HOST = "$(BUILT_PRODUCTS_DIR)/Polar.app/Polar";
			};
			name = Debug;
		};
		19CCBE731A3256DE00C86EF0 /* Release */ = {
			isa = XCBuildConfiguration;
			buildSettings = {
				BUNDLE_LOADER = "$(TEST_HOST)";
				FRAMEWORK_SEARCH_PATHS = (
					"$(SDKROOT)/Developer/Library/Frameworks",
					"$(inherited)",
				);
				INFOPLIST_FILE = PolarTests/Info.plist;
				LD_RUNPATH_SEARCH_PATHS = "$(inherited) @executable_path/Frameworks @loader_path/Frameworks";
				PRODUCT_NAME = "$(TARGET_NAME)";
				TEST_HOST = "$(BUILT_PRODUCTS_DIR)/Polar.app/Polar";
			};
			name = Release;
		};
/* End XCBuildConfiguration section */

/* Begin XCConfigurationList section */
		19CCBE461A3256DE00C86EF0 /* Build configuration list for PBXProject "Polar" */ = {
			isa = XCConfigurationList;
			buildConfigurations = (
				19CCBE6C1A3256DE00C86EF0 /* Debug */,
				19CCBE6D1A3256DE00C86EF0 /* Release */,
			);
			defaultConfigurationIsVisible = 0;
			defaultConfigurationName = Release;
		};
		19CCBE6E1A3256DE00C86EF0 /* Build configuration list for PBXNativeTarget "Polar" */ = {
			isa = XCConfigurationList;
			buildConfigurations = (
				19CCBE6F1A3256DE00C86EF0 /* Debug */,
				19CCBE701A3256DE00C86EF0 /* Release */,
			);
			defaultConfigurationIsVisible = 0;
			defaultConfigurationName = Release;
		};
		19CCBE711A3256DE00C86EF0 /* Build configuration list for PBXNativeTarget "PolarTests" */ = {
			isa = XCConfigurationList;
			buildConfigurations = (
				19CCBE721A3256DE00C86EF0 /* Debug */,
				19CCBE731A3256DE00C86EF0 /* Release */,
			);
			defaultConfigurationIsVisible = 0;
			defaultConfigurationName = Release;
		};
/* End XCConfigurationList section */
	};
	rootObject = 19CCBE431A3256DE00C86EF0 /* Project object */;
}
