// !$*UTF8*$!
{
	archiveVersion = 1;
	classes = {
	};
	objectVersion = 46;
	objects = {

/* Begin PBXBuildFile section */
		19CCBE511A3256DE00C86EF0 /* main.m in Sources */ = {isa = PBXBuildFile; fileRef = 19CCBE501A3256DE00C86EF0 /* main.m */; };
		19CCBE541A3256DE00C86EF0 /* AppDelegate.m in Sources */ = {isa = PBXBuildFile; fileRef = 19CCBE531A3256DE00C86EF0 /* AppDelegate.m */; };
		19CCBE571A3256DE00C86EF0 /* ViewController.m in Sources */ = {isa = PBXBuildFile; fileRef = 19CCBE561A3256DE00C86EF0 /* ViewController.m */; };
		19CCBE5A1A3256DE00C86EF0 /* Main.storyboard in Resources */ = {isa = PBXBuildFile; fileRef = 19CCBE581A3256DE00C86EF0 /* Main.storyboard */; };
		19CCBE5C1A3256DE00C86EF0 /* Images.xcassets in Resources */ = {isa = PBXBuildFile; fileRef = 19CCBE5B1A3256DE00C86EF0 /* Images.xcassets */; };
		19CCBE5F1A3256DE00C86EF0 /* LaunchScreen.xib in Resources */ = {isa = PBXBuildFile; fileRef = 19CCBE5D1A3256DE00C86EF0 /* LaunchScreen.xib */; };
		19CCBE6B1A3256DE00C86EF0 /* PolarTests.m in Sources */ = {isa = PBXBuildFile; fileRef = 19CCBE6A1A3256DE00C86EF0 /* PolarTests.m */; };
/* End PBXBuildFile section */

/* Begin PBXContainerItemProxy section */
		19CCBE651A3256DE00C86EF0 /* PBXContainerItemProxy */ = {
			isa = PBXContainerItemProxy;
			containerPortal = 19CCBE431A3256DE00C86EF0 /* Project object */;
			proxyType = 1;
			remoteGlobalIDString = 19CCBE4A1A3256DE00C86EF0;
			remoteInfo = Polar;
		};
/* End PBXContainerItemProxy section */

/* Begin PBXFileReference section */
		19CCBE4B1A3256DE00C86EF0 /* Polar.app */ = {isa = PBXFileReference; explicitFileType = wrapper.application; includeInIndex = 0; path = Polar.app; sourceTree = BUILT_PRODUCTS_DIR; };
		19CCBE4F1A3256DE00C86EF0 /* Info.plist */ = {isa = PBXFileReference; lastKnownFileType = text.plist.xml; path = Info.plist; sourceTree = "<group>"; };
		19CCBE501A3256DE00C86EF0 /* main.m */ = {isa = PBXFileReference; lastKnownFileType = sourcecode.c.objc; path = main.m; sourceTree = "<group>"; };
		19CCBE521A3256DE00C86EF0 /* AppDelegate.h */ = {isa = PBXFileReference; lastKnownFileType = sourcecode.c.h; path = AppDelegate.h; sourceTree = "<group>"; };
		19CCBE531A3256DE00C86EF0 /* AppDelegate.m */ = {isa = PBXFileReference; lastKnownFileType = sourcecode.c.objc; path = AppDelegate.m; sourceTree = "<group>"; };
		19CCBE551A3256DE00C86EF0 /* ViewController.h */ = {isa = PBXFileReference; lastKnownFileType = sourcecode.c.h; path = ViewController.h; sourceTree = "<group>"; };
		19CCBE561A3256DE00C86EF0 /* ViewController.m */ = {isa = PBXFileReference; lastKnownFileType = sourcecode.c.objc; path = ViewController.m; sourceTree = "<group>"; };
		19CCBE591A3256DE00C86EF0 /* Base */ = {isa = PBXFileReference; lastKnownFileType = file.storyboard; name = Base; path = Base.lproj/Main.storyboard; sourceTree = "<group>"; };
		19CCBE5B1A3256DE00C86EF0 /* Images.xcassets */ = {isa = PBXFileReference; lastKnownFileType = folder.assetcatalog; path = Images.xcassets; sourceTree = "<group>"; };
		19CCBE5E1A3256DE00C86EF0 /* Base */ = {isa = PBXFileReference; lastKnownFileType = file.xib; name = Base; path = Base.lproj/LaunchScreen.xib; sourceTree = "<group>"; };
		19CCBE641A3256DE00C86EF0 /* PolarTests.xctest */ = {isa = PBXFileReference; explicitFileType = wrapper.cfbundle; includeInIndex = 0; path = PolarTests.xctest; sourceTree = BUILT_PRODUCTS_DIR; };
		19CCBE691A3256DE00C86EF0 /* Info.plist */ = {isa = PBXFileReference; lastKnownFileType = text.plist.xml; path = Info.plist; sourceTree = "<group>"; };
		19CCBE6A1A3256DE00C86EF0 /* PolarTests.m */ = {isa = PBXFileReference; lastKnownFileType = sourcecode.c.objc; path = PolarTests.m; sourceTree = "<group>"; };
/* End PBXFileReference section */

/* Begin PBXFrameworksBuildPhase section */
		19CCBE481A3256DE00C86EF0 /* Frameworks */ = {
			isa = PBXFrameworksBuildPhase;
			buildActionMask = 2147483647;
			files = (
			);
			runOnlyForDeploymentPostprocessing = 0;
		};
		19CCBE611A3256DE00C86EF0 /* Frameworks */ = {
			isa = PBXFrameworksBuildPhase;
			buildActionMask = 2147483647;
			files = (
			);
			runOnlyForDeploymentPostprocessing = 0;
		};
/* End PBXFrameworksBuildPhase section */

/* Begin PBXGroup section */
		19CCBE421A3256DE00C86EF0 = {
			isa = PBXGroup;
			children = (
				19CCBE4D1A3256DE00C86EF0 /* Polar */,
				19CCBE671A3256DE00C86EF0 /* PolarTests */,
				19CCBE4C1A3256DE00C86EF0 /* Products */,
			);
			sourceTree = "<group>";
		};
		19CCBE4C1A3256DE00C86EF0 /* Products */ = {
			isa = PBXGroup;
			children = (
				19CCBE4B1A3256DE00C86EF0 /* Polar.app */,
				19CCBE641A3256DE00C86EF0 /* PolarTests.xctest */,
			);
			name = Products;
			sourceTree = "<group>";
		};
		19CCBE4D1A3256DE00C86EF0 /* Polar */ = {
			isa = PBXGroup;
			children = (
				19CCBE521A3256DE00C86EF0 /* AppDelegate.h */,
				19CCBE531A3256DE00C86EF0 /* AppDelegate.m */,
				19CCBE551A3256DE00C86EF0 /* ViewController.h */,
				19CCBE561A3256DE00C86EF0 /* ViewController.m */,
				19CCBE581A3256DE00C86EF0 /* Main.storyboard */,
				19CCBE5B1A3256DE00C86EF0 /* Images.xcassets */,
				19CCBE5D1A3256DE00C86EF0 /* LaunchScreen.xib */,
				19CCBE4E1A3256DE00C86EF0 /* Supporting Files */,
			);
			path = Polar;
			sourceTree = "<group>";
		};
		19CCBE4E1A3256DE00C86EF0 /* Supporting Files */ = {
			isa = PBXGroup;
			children = (
				19CCBE4F1A3256DE00C86EF0 /* Info.plist */,
				19CCBE501A3256DE00C86EF0 /* main.m */,
			);
			name = "Supporting Files";
			sourceTree = "<group>";
		};
		19CCBE671A3256DE00C86EF0 /* PolarTests */ = {
			isa = PBXGroup;
			children = (
				19CCBE6A1A3256DE00C86EF0 /* PolarTests.m */,
				19CCBE681A3256DE00C86EF0 /* Supporting Files */,
			);
			path = PolarTests;
			sourceTree = "<group>";
		};
		19CCBE681A3256DE00C86EF0 /* Supporting Files */ = {
			isa = PBXGroup;
			children = (
				19CCBE691A3256DE00C86EF0 /* Info.plist */,
			);
			name = "Supporting Files";
			sourceTree = "<group>";
		};
/* End PBXGroup section */

/* Begin PBXNativeTarget section */
		19CCBE4A1A3256DE00C86EF0 /* Polar */ = {
			isa = PBXNativeTarget;
			buildConfigurationList = 19CCBE6E1A3256DE00C86EF0 /* Build configuration list for PBXNativeTarget "Polar" */;
			buildPhases = (
				19CCBE471A3256DE00C86EF0 /* Sources */,
				19CCBE481A3256DE00C86EF0 /* Frameworks */,
				19CCBE491A3256DE00C86EF0 /* Resources */,
			);
			buildRules = (
			);
			dependencies = (
			);
			name = Polar;
			productName = Polar;
			productReference = 19CCBE4B1A3256DE00C86EF0 /* Polar.app */;
			productType = "com.apple.product-type.application";
		};
		19CCBE631A3256DE00C86EF0 /* PolarTests */ = {
			isa = PBXNativeTarget;
			buildConfigurationList = 19CCBE711A3256DE00C86EF0 /* Build configuration list for PBXNativeTarget "PolarTests" */;
			buildPhases = (
				19CCBE601A3256DE00C86EF0 /* Sources */,
				19CCBE611A3256DE00C86EF0 /* Frameworks */,
				19CCBE621A3256DE00C86EF0 /* Resources */,
			);
			buildRules = (
			);
			dependencies = (
				19CCBE661A3256DE00C86EF0 /* PBXTargetDependency */,
			);
			name = PolarTests;
			productName = PolarTests;
			productReference = 19CCBE641A3256DE00C86EF0 /* PolarTests.xctest */;
			productType = "com.apple.product-type.bundle.unit-test";
		};
/* End PBXNativeTarget section */

/* Begin PBXProject section */
		19CCBE431A3256DE00C86EF0 /* Project object */ = {
			isa = PBXProject;
			attributes = {
				LastUpgradeCheck = 0610;
				ORGANIZATIONNAME = "Derek Cuevas";
				TargetAttributes = {
					19CCBE4A1A3256DE00C86EF0 = {
						CreatedOnToolsVersion = 6.1;
					};
					19CCBE631A3256DE00C86EF0 = {
						CreatedOnToolsVersion = 6.1;
						TestTargetID = 19CCBE4A1A3256DE00C86EF0;
					};
				};
			};
			buildConfigurationList = 19CCBE461A3256DE00C86EF0 /* Build configuration list for PBXProject "Polar" */;
			compatibilityVersion = "Xcode 3.2";
			developmentRegion = English;
			hasScannedForEncodings = 0;
			knownRegions = (
				en,
				Base,
			);
			mainGroup = 19CCBE421A3256DE00C86EF0;
			productRefGroup = 19CCBE4C1A3256DE00C86EF0 /* Products */;
			projectDirPath = "";
			projectRoot = "";
			targets = (
				19CCBE4A1A3256DE00C86EF0 /* Polar */,
				19CCBE631A3256DE00C86EF0 /* PolarTests */,
			);
		};
/* End PBXProject section */

/* Begin PBXResourcesBuildPhase section */
		19CCBE491A3256DE00C86EF0 /* Resources */ = {
			isa = PBXResourcesBuildPhase;
			buildActionMask = 2147483647;
			files = (
				19CCBE5A1A3256DE00C86EF0 /* Main.storyboard in Resources */,
				19CCBE5F1A3256DE00C86EF0 /* LaunchScreen.xib in Resources */,
				19CCBE5C1A3256DE00C86EF0 /* Images.xcassets in Resources */,
			);
			runOnlyForDeploymentPostprocessing = 0;
		};
		19CCBE621A3256DE00C86EF0 /* Resources */ = {
			isa = PBXResourcesBuildPhase;
			buildActionMask = 2147483647;
			files = (
			);
			runOnlyForDeploymentPostprocessing = 0;
		};
/* End PBXResourcesBuildPhase section */

/* Begin PBXSourcesBuildPhase section */
		19CCBE471A3256DE00C86EF0 /* Sources */ = {
			isa = PBXSourcesBuildPhase;
			buildActionMask = 2147483647;
			files = (
				19CCBE571A3256DE00C86EF0 /* ViewController.m in Sources */,
				19CCBE541A3256DE00C86EF0 /* AppDelegate.m in Sources */,
				19CCBE511A3256DE00C86EF0 /* main.m in Sources */,
			);
			runOnlyForDeploymentPostprocessing = 0;
		};
		19CCBE601A3256DE00C86EF0 /* Sources */ = {
			isa = PBXSourcesBuildPhase;
			buildActionMask = 2147483647;
			files = (
				19CCBE6B1A3256DE00C86EF0 /* PolarTests.m in Sources */,
			);
			runOnlyForDeploymentPostprocessing = 0;
		};
/* End PBXSourcesBuildPhase section */

/* Begin PBXTargetDependency section */
		19CCBE661A3256DE00C86EF0 /* PBXTargetDependency */ = {
			isa = PBXTargetDependency;
			target = 19CCBE4A1A3256DE00C86EF0 /* Polar */;
			targetProxy = 19CCBE651A3256DE00C86EF0 /* PBXContainerItemProxy */;
		};
/* End PBXTargetDependency section */

/* Begin PBXVariantGroup section */
		19CCBE581A3256DE00C86EF0 /* Main.storyboard */ = {
			isa = PBXVariantGroup;
			children = (
				19CCBE591A3256DE00C86EF0 /* Base */,
			);
			name = Main.storyboard;
			sourceTree = "<group>";
		};
		19CCBE5D1A3256DE00C86EF0 /* LaunchScreen.xib */ = {
			isa = PBXVariantGroup;
			children = (
				19CCBE5E1A3256DE00C86EF0 /* Base */,
			);
			name = LaunchScreen.xib;
			sourceTree = "<group>";
		};
/* End PBXVariantGroup section */

/* Begin XCBuildConfiguration section */
		19CCBE6C1A3256DE00C86EF0 /* Debug */ = {
			isa = XCBuildConfiguration;
			buildSettings = {
				ALWAYS_SEARCH_USER_PATHS = NO;
				CLANG_CXX_LANGUAGE_STANDARD = "gnu++0x";
				CLANG_CXX_LIBRARY = "libc++";
				CLANG_ENABLE_MODULES = YES;
				CLANG_ENABLE_OBJC_ARC = YES;
				CLANG_WARN_BOOL_CONVERSION = YES;
				CLANG_WARN_CONSTANT_CONVERSION = YES;
				CLANG_WARN_DIRECT_OBJC_ISA_USAGE = YES_ERROR;
				CLANG_WARN_EMPTY_BODY = YES;
				CLANG_WARN_ENUM_CONVERSION = YES;
				CLANG_WARN_INT_CONVERSION = YES;
				CLANG_WARN_OBJC_ROOT_CLASS = YES_ERROR;
				CLANG_WARN_UNREACHABLE_CODE = YES;
				CLANG_WARN__DUPLICATE_METHOD_MATCH = YES;
				"CODE_SIGN_IDENTITY[sdk=iphoneos*]" = "iPhone Developer";
				COPY_PHASE_STRIP = NO;
				ENABLE_STRICT_OBJC_MSGSEND = YES;
				GCC_C_LANGUAGE_STANDARD = gnu99;
				GCC_DYNAMIC_NO_PIC = NO;
				GCC_OPTIMIZATION_LEVEL = 0;
				GCC_PREPROCESSOR_DEFINITIONS = (
					"DEBUG=1",
					"$(inherited)",
				);
				GCC_SYMBOLS_PRIVATE_EXTERN = NO;
				GCC_WARN_64_TO_32_BIT_CONVERSION = YES;
				GCC_WARN_ABOUT_RETURN_TYPE = YES_ERROR;
				GCC_WARN_UNDECLARED_SELECTOR = YES;
				GCC_WARN_UNINITIALIZED_AUTOS = YES_AGGRESSIVE;
				GCC_WARN_UNUSED_FUNCTION = YES;
				GCC_WARN_UNUSED_VARIABLE = YES;
				IPHONEOS_DEPLOYMENT_TARGET = 8.1;
				MTL_ENABLE_DEBUG_INFO = YES;
				ONLY_ACTIVE_ARCH = YES;
				SDKROOT = iphoneos;
			};
			name = Debug;
		};
		19CCBE6D1A3256DE00C86EF0 /* Release */ = {
			isa = XCBuildConfiguration;
			buildSettings = {
				ALWAYS_SEARCH_USER_PATHS = NO;
				CLANG_CXX_LANGUAGE_STANDARD = "gnu++0x";
				CLANG_CXX_LIBRARY = "libc++";
				CLANG_ENABLE_MODULES = YES;
				CLANG_ENABLE_OBJC_ARC = YES;
				CLANG_WARN_BOOL_CONVERSION = YES;
				CLANG_WARN_CONSTANT_CONVERSION = YES;
				CLANG_WARN_DIRECT_OBJC_ISA_USAGE = YES_ERROR;
				CLANG_WARN_EMPTY_BODY = YES;
				CLANG_WARN_ENUM_CONVERSION = YES;
				CLANG_WARN_INT_CONVERSION = YES;
				CLANG_WARN_OBJC_ROOT_CLASS = YES_ERROR;
				CLANG_WARN_UNREACHABLE_CODE = YES;
				CLANG_WARN__DUPLICATE_METHOD_MATCH = YES;
				"CODE_SIGN_IDENTITY[sdk=iphoneos*]" = "iPhone Developer";
				COPY_PHASE_STRIP = YES;
				ENABLE_NS_ASSERTIONS = NO;
				ENABLE_STRICT_OBJC_MSGSEND = YES;
				GCC_C_LANGUAGE_STANDARD = gnu99;
				GCC_WARN_64_TO_32_BIT_CONVERSION = YES;
				GCC_WARN_ABOUT_RETURN_TYPE = YES_ERROR;
				GCC_WARN_UNDECLARED_SELECTOR = YES;
				GCC_WARN_UNINITIALIZED_AUTOS = YES_AGGRESSIVE;
				GCC_WARN_UNUSED_FUNCTION = YES;
				GCC_WARN_UNUSED_VARIABLE = YES;
				IPHONEOS_DEPLOYMENT_TARGET = 8.1;
				MTL_ENABLE_DEBUG_INFO = NO;
				SDKROOT = iphoneos;
				VALIDATE_PRODUCT = YES;
			};
			name = Release;
		};
		19CCBE6F1A3256DE00C86EF0 /* Debug */ = {
			isa = XCBuildConfiguration;
			buildSettings = {
				ASSETCATALOG_COMPILER_APPICON_NAME = AppIcon;
				INFOPLIST_FILE = Polar/Info.plist;
				LD_RUNPATH_SEARCH_PATHS = "$(inherited) @executable_path/Frameworks";
				PRODUCT_NAME = "$(TARGET_NAME)";
			};
			name = Debug;
		};
		19CCBE701A3256DE00C86EF0 /* Release */ = {
			isa = XCBuildConfiguration;
			buildSettings = {
				ASSETCATALOG_COMPILER_APPICON_NAME = AppIcon;
				INFOPLIST_FILE = Polar/Info.plist;
				LD_RUNPATH_SEARCH_PATHS = "$(inherited) @executable_path/Frameworks";
				PRODUCT_NAME = "$(TARGET_NAME)";
			};
			name = Release;
		};
		19CCBE721A3256DE00C86EF0 /* Debug */ = {
			isa = XCBuildConfiguration;
			buildSettings = {
				BUNDLE_LOADER = "$(TEST_HOST)";
				FRAMEWORK_SEARCH_PATHS = (
					"$(SDKROOT)/Developer/Library/Frameworks",
					"$(inherited)",
				);
				GCC_PREPROCESSOR_DEFINITIONS = (
					"DEBUG=1",
					"$(inherited)",
				);
				INFOPLIST_FILE = PolarTests/Info.plist;
				LD_RUNPATH_SEARCH_PATHS = "$(inherited) @executable_path/Frameworks @loader_path/Frameworks";
				PRODUCT_NAME = "$(TARGET_NAME)";
				TEST_HOST = "$(BUILT_PRODUCTS_DIR)/Polar.app/Polar";
			};
			name = Debug;
		};
		19CCBE731A3256DE00C86EF0 /* Release */ = {
			isa = XCBuildConfiguration;
			buildSettings = {
				BUNDLE_LOADER = "$(TEST_HOST)";
				FRAMEWORK_SEARCH_PATHS = (
					"$(SDKROOT)/Developer/Library/Frameworks",
					"$(inherited)",
				);
				INFOPLIST_FILE = PolarTests/Info.plist;
				LD_RUNPATH_SEARCH_PATHS = "$(inherited) @executable_path/Frameworks @loader_path/Frameworks";
				PRODUCT_NAME = "$(TARGET_NAME)";
				TEST_HOST = "$(BUILT_PRODUCTS_DIR)/Polar.app/Polar";
			};
			name = Release;
		};
/* End XCBuildConfiguration section */

/* Begin XCConfigurationList section */
		19CCBE461A3256DE00C86EF0 /* Build configuration list for PBXProject "Polar" */ = {
			isa = XCConfigurationList;
			buildConfigurations = (
				19CCBE6C1A3256DE00C86EF0 /* Debug */,
				19CCBE6D1A3256DE00C86EF0 /* Release */,
			);
			defaultConfigurationIsVisible = 0;
			defaultConfigurationName = Release;
		};
		19CCBE6E1A3256DE00C86EF0 /* Build configuration list for PBXNativeTarget "Polar" */ = {
			isa = XCConfigurationList;
			buildConfigurations = (
				19CCBE6F1A3256DE00C86EF0 /* Debug */,
				19CCBE701A3256DE00C86EF0 /* Release */,
			);
			defaultConfigurationIsVisible = 0;
		};
		19CCBE711A3256DE00C86EF0 /* Build configuration list for PBXNativeTarget "PolarTests" */ = {
			isa = XCConfigurationList;
			buildConfigurations = (
				19CCBE721A3256DE00C86EF0 /* Debug */,
				19CCBE731A3256DE00C86EF0 /* Release */,
			);
			defaultConfigurationIsVisible = 0;
		};
/* End XCConfigurationList section */
	};
	rootObject = 19CCBE431A3256DE00C86EF0 /* Project object */;
}
